
Microsoft Visual Studio Solution File, Format Version 12.00
# Visual Studio 14
VisualStudioVersion = 14.0.24720.0
MinimumVisualStudioVersion = 10.0.40219.1
Project("{FAE04EC0-301F-11D3-BF4B-00C04F79EFBC}") = "QlikSenseEmailAdmin", "QlikSenseEmailAdmin\QlikSenseEmailAdmin.csproj", "{53A7DBAD-CEC3-4E29-A0D5-D7FED2E1A040}"
EndProject
Project("{54435603-DBB4-11D2-8724-00A0C9A8B90C}") = "QlikSense_Email_Alert", "QlikSense_Email_Alrt\QlikSense_Email_Alrt.vdproj", "{50DC9598-BE7F-422F-9BD5-A649CE2F2B0C}"
EndProject
Global
	GlobalSection(SolutionConfigurationPlatforms) = preSolution
		Debug|Any CPU = Debug|Any CPU
		Debug|x64 = Debug|x64
		Release|Any CPU = Release|Any CPU
		Release|x64 = Release|x64
	EndGlobalSection
	GlobalSection(ProjectConfigurationPlatforms) = postSolution
		{53A7DBAD-CEC3-4E29-A0D5-D7FED2E1A040}.Debug|Any CPU.ActiveCfg = Debug|Any CPU
		{53A7DBAD-CEC3-4E29-A0D5-D7FED2E1A040}.Debug|Any CPU.Build.0 = Debug|Any CPU
		{53A7DBAD-CEC3-4E29-A0D5-D7FED2E1A040}.Debug|x64.ActiveCfg = Debug|x64
		{53A7DBAD-CEC3-4E29-A0D5-D7FED2E1A040}.Debug|x64.Build.0 = Debug|x64
		{53A7DBAD-CEC3-4E29-A0D5-D7FED2E1A040}.Release|Any CPU.ActiveCfg = Release|Any CPU
		{53A7DBAD-CEC3-4E29-A0D5-D7FED2E1A040}.Release|Any CPU.Build.0 = Release|Any CPU
		{53A7DBAD-CEC3-4E29-A0D5-D7FED2E1A040}.Release|x64.ActiveCfg = Release|x64
		{53A7DBAD-CEC3-4E29-A0D5-D7FED2E1A040}.Release|x64.Build.0 = Release|x64
		{50DC9598-BE7F-422F-9BD5-A649CE2F2B0C}.Debug|Any CPU.ActiveCfg = Debug
		{50DC9598-BE7F-422F-9BD5-A649CE2F2B0C}.Debug|Any CPU.Build.0 = Debug
		{50DC9598-BE7F-422F-9BD5-A649CE2F2B0C}.Debug|x64.ActiveCfg = Release
		{50DC9598-BE7F-422F-9BD5-A649CE2F2B0C}.Debug|x64.Build.0 = Release
		{50DC9598-BE7F-422F-9BD5-A649CE2F2B0C}.Release|Any CPU.ActiveCfg = Release
		{50DC9598-BE7F-422F-9BD5-A649CE2F2B0C}.Release|Any CPU.Build.0 = Release
		{50DC9598-BE7F-422F-9BD5-A649CE2F2B0C}.Release|x64.ActiveCfg = Release
		{50DC9598-BE7F-422F-9BD5-A649CE2F2B0C}.Release|x64.Build.0 = Release
	EndGlobalSection
	GlobalSection(SolutionProperties) = preSolution
		HideSolutionNode = FALSE
	EndGlobalSection
EndGlobal
